
Microsoft Visual Studio Solution File, Format Version 12.00
# Visual Studio Version 17
VisualStudioVersion = 17.10.35004.147
MinimumVisualStudioVersion = 10.0.40219.1
Project("{FAE04EC0-301F-11D3-BF4B-00C04F79EFBC}") = "ProjectPRN212", "ProjectPRN212\ProjectPRN212.csproj", "{00C1A1F3-A3C9-497B-B132-4124F02A4E66}"
EndProject
Global
	GlobalSection(SolutionConfigurationPlatforms) = preSolution
		Debug|Any CPU = Debug|Any CPU
		Release|Any CPU = Release|Any CPU
	EndGlobalSection
	GlobalSection(ProjectConfigurationPlatforms) = postSolution
		{00C1A1F3-A3C9-497B-B132-4124F02A4E66}.Debug|Any CPU.ActiveCfg = Debug|Any CPU
		{00C1A1F3-A3C9-497B-B132-4124F02A4E66}.Debug|Any CPU.Build.0 = Debug|Any CPU
		{00C1A1F3-A3C9-497B-B132-4124F02A4E66}.Release|Any CPU.ActiveCfg = Release|Any CPU
		{00C1A1F3-A3C9-497B-B132-4124F02A4E66}.Release|Any CPU.Build.0 = Release|Any CPU
	EndGlobalSection
	GlobalSection(SolutionProperties) = preSolution
		HideSolutionNode = FALSE
	EndGlobalSection
	GlobalSection(ExtensibilityGlobals) = postSolution
		SolutionGuid = {DF644A0F-23DD-43B6-9F89-1AD67EB115CF}
	EndGlobalSection
EndGlobal
